lockfileVersion: '9.0'

settings:
  autoInstallPeers: true
  excludeLinksFromLockfile: false

importers:

  .:
    dependencies:
      tinymce:
        specifier: ^7.9.3
        version: 7.9.3

packages:

  tinymce@7.9.3:
    resolution: {integrity: sha512-Mtm54U5YJ6Pyo/GaAx+JSHXTGEuxrg2AowVWCD9zy1eBolp5Ub7S1rTtsyQdxhPegfhLuR3VLiTKGw1tacv09g==}

snapshots:

  tinymce@7.9.3: {}
